
Microsoft Visual Studio Solution File, Format Version 12.00
# Visual Studio Version 17
VisualStudioVersion = 17.13.35931.197 d17.13
MinimumVisualStudioVersion = 10.0.40219.1
Project("{FAE04EC0-301F-11D3-BF4B-00C04F79EFBC}") = "BetterBossScaling", "BetterBossScaling\BetterBossScaling.csproj", "{B830DA09-810D-43EB-9902-10B45B871757}"
EndProject
Global
	GlobalSection(SolutionConfigurationPlatforms) = preSolution
		Debug|Any CPU = Debug|Any CPU
		Release|Any CPU = Release|Any CPU
	EndGlobalSection
	GlobalSection(ProjectConfigurationPlatforms) = postSolution
		{B830DA09-810D-43EB-9902-10B45B871757}.Debug|Any CPU.ActiveCfg = Debug|Any CPU
		{B830DA09-810D-43EB-9902-10B45B871757}.Debug|Any CPU.Build.0 = Debug|Any CPU
		{B830DA09-810D-43EB-9902-10B45B871757}.Release|Any CPU.ActiveCfg = Release|Any CPU
		{B830DA09-810D-43EB-9902-10B45B871757}.Release|Any CPU.Build.0 = Release|Any CPU
	EndGlobalSection
	GlobalSection(SolutionProperties) = preSolution
		HideSolutionNode = FALSE
	EndGlobalSection
	GlobalSection(ExtensibilityGlobals) = postSolution
		SolutionGuid = {D18DE1F3-F42B-4BDA-9975-06DFA09E2E65}
	EndGlobalSection
EndGlobal
