
Microsoft Visual Studio Solution File, Format Version 12.00
# Visual Studio Version 16
VisualStudioVersion = 16.0.32228.343
MinimumVisualStudioVersion = 10.0.40219.1
Project("{9A19103F-16F7-4668-BE54-9A1E7A4F7556}") = "Spotify", "Spotify\Spotify.csproj", "{1034461A-C9C0-490E-8475-8B1815292F6E}"
EndProject
Project("{9A19103F-16F7-4668-BE54-9A1E7A4F7556}") = "Ror2Mod2", "Ror2Mod2\Ror2Mod2.csproj", "{32C90D6C-7B83-49B5-8AFF-9328A752F8A2}"
EndProject
Project("{9A19103F-16F7-4668-BE54-9A1E7A4F7556}") = "Rules", "Rules\Rules.csproj", "{EE464758-E3A3-430D-8F3F-86BC239038BE}"
EndProject
Project("{FAE04EC0-301F-11D3-BF4B-00C04F79EFBC}") = "MusicModUnitTests", "MusicModUnitTests\MusicModUnitTests.csproj", "{7457220D-7933-449C-BA92-3C78F83CB515}"
EndProject
Global
	GlobalSection(SolutionConfigurationPlatforms) = preSolution
		Debug|Any CPU = Debug|Any CPU
		Release|Any CPU = Release|Any CPU
	EndGlobalSection
	GlobalSection(ProjectConfigurationPlatforms) = postSolution
		{1034461A-C9C0-490E-8475-8B1815292F6E}.Debug|Any CPU.ActiveCfg = Debug|Any CPU
		{1034461A-C9C0-490E-8475-8B1815292F6E}.Debug|Any CPU.Build.0 = Debug|Any CPU
		{1034461A-C9C0-490E-8475-8B1815292F6E}.Release|Any CPU.ActiveCfg = Release|Any CPU
		{1034461A-C9C0-490E-8475-8B1815292F6E}.Release|Any CPU.Build.0 = Release|Any CPU
		{32C90D6C-7B83-49B5-8AFF-9328A752F8A2}.Debug|Any CPU.ActiveCfg = Debug|Any CPU
		{32C90D6C-7B83-49B5-8AFF-9328A752F8A2}.Debug|Any CPU.Build.0 = Debug|Any CPU
		{32C90D6C-7B83-49B5-8AFF-9328A752F8A2}.Release|Any CPU.ActiveCfg = Release|Any CPU
		{32C90D6C-7B83-49B5-8AFF-9328A752F8A2}.Release|Any CPU.Build.0 = Release|Any CPU
		{EE464758-E3A3-430D-8F3F-86BC239038BE}.Debug|Any CPU.ActiveCfg = Debug|Any CPU
		{EE464758-E3A3-430D-8F3F-86BC239038BE}.Debug|Any CPU.Build.0 = Debug|Any CPU
		{EE464758-E3A3-430D-8F3F-86BC239038BE}.Release|Any CPU.ActiveCfg = Release|Any CPU
		{EE464758-E3A3-430D-8F3F-86BC239038BE}.Release|Any CPU.Build.0 = Release|Any CPU
		{7457220D-7933-449C-BA92-3C78F83CB515}.Debug|Any CPU.ActiveCfg = Debug|Any CPU
		{7457220D-7933-449C-BA92-3C78F83CB515}.Debug|Any CPU.Build.0 = Debug|Any CPU
		{7457220D-7933-449C-BA92-3C78F83CB515}.Release|Any CPU.ActiveCfg = Release|Any CPU
		{7457220D-7933-449C-BA92-3C78F83CB515}.Release|Any CPU.Build.0 = Release|Any CPU
	EndGlobalSection
	GlobalSection(SolutionProperties) = preSolution
		HideSolutionNode = FALSE
	EndGlobalSection
	GlobalSection(ExtensibilityGlobals) = postSolution
		SolutionGuid = {54B0EC37-A949-473A-BD1C-67578A2C06D1}
	EndGlobalSection
EndGlobal
