
Microsoft Visual Studio Solution File, Format Version 12.00
# Visual Studio Version 17
VisualStudioVersion = 17.1.32421.90
MinimumVisualStudioVersion = 10.0.40219.1
Project("{9A19103F-16F7-4668-BE54-9A1E7A4F7556}") = "Spotify", "Spotify\Spotify.csproj", "{1034461A-C9C0-490E-8475-8B1815292F6E}"
EndProject
Project("{9A19103F-16F7-4668-BE54-9A1E7A4F7556}") = "Ror2Mod2", "Ror2Mod2\Ror2Mod2.csproj", "{32C90D6C-7B83-49B5-8AFF-9328A752F8A2}"
EndProject
Project("{9A19103F-16F7-4668-BE54-9A1E7A4F7556}") = "Rules", "Rules\Rules.csproj", "{EE464758-E3A3-430D-8F3F-86BC239038BE}"
EndProject
Project("{9A19103F-16F7-4668-BE54-9A1E7A4F7556}") = "Music", "Music\Music.csproj", "{6324BBD6-DC82-4829-A591-2BDFE867EC80}"
EndProject
Project("{9A19103F-16F7-4668-BE54-9A1E7A4F7556}") = "SpotifyAuthenticationWinForms", "SpotifyAuthenticationWinForms\SpotifyAuthenticationWinForms.csproj", "{9EEE6508-2520-47CD-B084-D980CEB91F1B}"
EndProject
Project("{9A19103F-16F7-4668-BE54-9A1E7A4F7556}") = "IPC", "IPC\IPC.csproj", "{711D4FAE-3CE9-4490-B6ED-F47B1A91752F}"
EndProject
Project("{9A19103F-16F7-4668-BE54-9A1E7A4F7556}") = "SpotifyControlWinForms", "SpotifyControlWinForms\SpotifyControlWinForms.csproj", "{C00B8969-97DA-4234-975A-92204445A29F}"
EndProject
Project("{9A19103F-16F7-4668-BE54-9A1E7A4F7556}") = "Minecraft", "Minecraft\Minecraft.csproj", "{02399AEA-14C6-4CD0-BFDE-7FEAA0B00737}"
EndProject
Project("{9A19103F-16F7-4668-BE54-9A1E7A4F7556}") = "RuleExamples", "RuleExamples\RuleExamples.csproj", "{2C87BC65-F554-489C-91F5-8ACA4AED6868}"
EndProject
Project("{FAE04EC0-301F-11D3-BF4B-00C04F79EFBC}") = "ContextModUnitTests", "ContextModUnitTests\ContextModUnitTests.csproj", "{E45AB240-D2DE-46E9-BAAC-1F72A56EFB9A}"
EndProject
Global
	GlobalSection(SolutionConfigurationPlatforms) = preSolution
		Debug|Any CPU = Debug|Any CPU
		Release|Any CPU = Release|Any CPU
	EndGlobalSection
	GlobalSection(ProjectConfigurationPlatforms) = postSolution
		{1034461A-C9C0-490E-8475-8B1815292F6E}.Debug|Any CPU.ActiveCfg = Debug|Any CPU
		{1034461A-C9C0-490E-8475-8B1815292F6E}.Debug|Any CPU.Build.0 = Debug|Any CPU
		{1034461A-C9C0-490E-8475-8B1815292F6E}.Release|Any CPU.ActiveCfg = Release|Any CPU
		{1034461A-C9C0-490E-8475-8B1815292F6E}.Release|Any CPU.Build.0 = Release|Any CPU
		{32C90D6C-7B83-49B5-8AFF-9328A752F8A2}.Debug|Any CPU.ActiveCfg = Debug|Any CPU
		{32C90D6C-7B83-49B5-8AFF-9328A752F8A2}.Debug|Any CPU.Build.0 = Debug|Any CPU
		{32C90D6C-7B83-49B5-8AFF-9328A752F8A2}.Release|Any CPU.ActiveCfg = Release|Any CPU
		{32C90D6C-7B83-49B5-8AFF-9328A752F8A2}.Release|Any CPU.Build.0 = Release|Any CPU
		{EE464758-E3A3-430D-8F3F-86BC239038BE}.Debug|Any CPU.ActiveCfg = Debug|Any CPU
		{EE464758-E3A3-430D-8F3F-86BC239038BE}.Debug|Any CPU.Build.0 = Debug|Any CPU
		{EE464758-E3A3-430D-8F3F-86BC239038BE}.Release|Any CPU.ActiveCfg = Release|Any CPU
		{EE464758-E3A3-430D-8F3F-86BC239038BE}.Release|Any CPU.Build.0 = Release|Any CPU
		{6324BBD6-DC82-4829-A591-2BDFE867EC80}.Debug|Any CPU.ActiveCfg = Debug|Any CPU
		{6324BBD6-DC82-4829-A591-2BDFE867EC80}.Debug|Any CPU.Build.0 = Debug|Any CPU
		{6324BBD6-DC82-4829-A591-2BDFE867EC80}.Release|Any CPU.ActiveCfg = Release|Any CPU
		{6324BBD6-DC82-4829-A591-2BDFE867EC80}.Release|Any CPU.Build.0 = Release|Any CPU
		{9EEE6508-2520-47CD-B084-D980CEB91F1B}.Debug|Any CPU.ActiveCfg = Debug|Any CPU
		{9EEE6508-2520-47CD-B084-D980CEB91F1B}.Debug|Any CPU.Build.0 = Debug|Any CPU
		{9EEE6508-2520-47CD-B084-D980CEB91F1B}.Release|Any CPU.ActiveCfg = Release|Any CPU
		{9EEE6508-2520-47CD-B084-D980CEB91F1B}.Release|Any CPU.Build.0 = Release|Any CPU
		{711D4FAE-3CE9-4490-B6ED-F47B1A91752F}.Debug|Any CPU.ActiveCfg = Debug|Any CPU
		{711D4FAE-3CE9-4490-B6ED-F47B1A91752F}.Debug|Any CPU.Build.0 = Debug|Any CPU
		{711D4FAE-3CE9-4490-B6ED-F47B1A91752F}.Release|Any CPU.ActiveCfg = Release|Any CPU
		{711D4FAE-3CE9-4490-B6ED-F47B1A91752F}.Release|Any CPU.Build.0 = Release|Any CPU
		{C00B8969-97DA-4234-975A-92204445A29F}.Debug|Any CPU.ActiveCfg = Debug|Any CPU
		{C00B8969-97DA-4234-975A-92204445A29F}.Debug|Any CPU.Build.0 = Debug|Any CPU
		{C00B8969-97DA-4234-975A-92204445A29F}.Release|Any CPU.ActiveCfg = Release|Any CPU
		{C00B8969-97DA-4234-975A-92204445A29F}.Release|Any CPU.Build.0 = Release|Any CPU
		{02399AEA-14C6-4CD0-BFDE-7FEAA0B00737}.Debug|Any CPU.ActiveCfg = Debug|Any CPU
		{02399AEA-14C6-4CD0-BFDE-7FEAA0B00737}.Debug|Any CPU.Build.0 = Debug|Any CPU
		{02399AEA-14C6-4CD0-BFDE-7FEAA0B00737}.Release|Any CPU.ActiveCfg = Release|Any CPU
		{02399AEA-14C6-4CD0-BFDE-7FEAA0B00737}.Release|Any CPU.Build.0 = Release|Any CPU
		{2C87BC65-F554-489C-91F5-8ACA4AED6868}.Debug|Any CPU.ActiveCfg = Debug|Any CPU
		{2C87BC65-F554-489C-91F5-8ACA4AED6868}.Debug|Any CPU.Build.0 = Debug|Any CPU
		{2C87BC65-F554-489C-91F5-8ACA4AED6868}.Release|Any CPU.ActiveCfg = Release|Any CPU
		{2C87BC65-F554-489C-91F5-8ACA4AED6868}.Release|Any CPU.Build.0 = Release|Any CPU
		{E45AB240-D2DE-46E9-BAAC-1F72A56EFB9A}.Debug|Any CPU.ActiveCfg = Debug|Any CPU
		{E45AB240-D2DE-46E9-BAAC-1F72A56EFB9A}.Debug|Any CPU.Build.0 = Debug|Any CPU
		{E45AB240-D2DE-46E9-BAAC-1F72A56EFB9A}.Release|Any CPU.ActiveCfg = Release|Any CPU
		{E45AB240-D2DE-46E9-BAAC-1F72A56EFB9A}.Release|Any CPU.Build.0 = Release|Any CPU
	EndGlobalSection
	GlobalSection(SolutionProperties) = preSolution
		HideSolutionNode = FALSE
	EndGlobalSection
	GlobalSection(ExtensibilityGlobals) = postSolution
		SolutionGuid = {54B0EC37-A949-473A-BD1C-67578A2C06D1}
	EndGlobalSection
EndGlobal
