
Microsoft Visual Studio Solution File, Format Version 12.00
# Visual Studio Version 17
VisualStudioVersion = 17.1.32421.90
MinimumVisualStudioVersion = 10.0.40219.1
Project("{FAE04EC0-301F-11D3-BF4B-00C04F79EFBC}") = "MultiplayerMod", "MultiplayerMod\MultiplayerMod.csproj", "{D2235F86-E2DB-49EC-B8B8-F6030FD45D2F}"
EndProject
Global
	GlobalSection(SolutionConfigurationPlatforms) = preSolution
		Debug|Any CPU = Debug|Any CPU
		Release|Any CPU = Release|Any CPU
	EndGlobalSection
	GlobalSection(ProjectConfigurationPlatforms) = postSolution
		{D2235F86-E2DB-49EC-B8B8-F6030FD45D2F}.Debug|Any CPU.ActiveCfg = Debug|Any CPU
		{D2235F86-E2DB-49EC-B8B8-F6030FD45D2F}.Debug|Any CPU.Build.0 = Debug|Any CPU
		{D2235F86-E2DB-49EC-B8B8-F6030FD45D2F}.Release|Any CPU.ActiveCfg = Release|Any CPU
		{D2235F86-E2DB-49EC-B8B8-F6030FD45D2F}.Release|Any CPU.Build.0 = Release|Any CPU
	EndGlobalSection
	GlobalSection(SolutionProperties) = preSolution
		HideSolutionNode = FALSE
	EndGlobalSection
	GlobalSection(ExtensibilityGlobals) = postSolution
		SolutionGuid = {1A514D8C-E3BD-4A92-ACB2-376043918203}
	EndGlobalSection
EndGlobal
