
Microsoft Visual Studio Solution File, Format Version 12.00
# Visual Studio Version 17
VisualStudioVersion = 17.10.35013.160
MinimumVisualStudioVersion = 10.0.40219.1
Project("{9A19103F-16F7-4668-BE54-9A1E7A4F7556}") = "UntitledMod", "UntitledMod\UntitledMod.csproj", "{4BDAA87A-5D73-4A07-9586-B022725EAC31}"
EndProject
Project("{2150E333-8FDC-42A3-9474-1A3956D46DE8}") = "Solution Items", "Solution Items", "{A53FED57-BF61-47F5-A1CA-13FF27AD34F3}"
	ProjectSection(SolutionItems) = preProject
		.editorconfig = .editorconfig
	EndProjectSection
EndProject
Global
	GlobalSection(SolutionConfigurationPlatforms) = preSolution
		Debug|Any CPU = Debug|Any CPU
		Release|Any CPU = Release|Any CPU
	EndGlobalSection
	GlobalSection(ProjectConfigurationPlatforms) = postSolution
		{4BDAA87A-5D73-4A07-9586-B022725EAC31}.Debug|Any CPU.ActiveCfg = Debug|Any CPU
		{4BDAA87A-5D73-4A07-9586-B022725EAC31}.Debug|Any CPU.Build.0 = Debug|Any CPU
		{4BDAA87A-5D73-4A07-9586-B022725EAC31}.Release|Any CPU.ActiveCfg = Release|Any CPU
		{4BDAA87A-5D73-4A07-9586-B022725EAC31}.Release|Any CPU.Build.0 = Release|Any CPU
	EndGlobalSection
	GlobalSection(SolutionProperties) = preSolution
		HideSolutionNode = FALSE
	EndGlobalSection
	GlobalSection(ExtensibilityGlobals) = postSolution
		SolutionGuid = {86432189-7B28-4CF8-BD89-0993147B7444}
	EndGlobalSection
EndGlobal
