
Microsoft Visual Studio Solution File, Format Version 12.00
# Visual Studio Version 16
VisualStudioVersion = 16.0.32228.343
MinimumVisualStudioVersion = 10.0.40219.1
Project("{9A19103F-16F7-4668-BE54-9A1E7A4F7556}") = "MyRoR2", "MyRoR2\MyRoR2.csproj", "{74118A71-B97C-466F-8C1C-13B5B15BE322}"
EndProject
Project("{9A19103F-16F7-4668-BE54-9A1E7A4F7556}") = "Patterns", "Patterns\Patterns.csproj", "{553F3351-117B-45DB-BEA2-E5DF8A4B9ABD}"
EndProject
Project("{9A19103F-16F7-4668-BE54-9A1E7A4F7556}") = "Utils", "Utils\Utils.csproj", "{673B625D-1E70-4661-AA64-0729AD7D1FC9}"
EndProject
Project("{FAE04EC0-301F-11D3-BF4B-00C04F79EFBC}") = "Maths", "Maths\Maths.csproj", "{924018C4-4861-40CF-B199-2D6E4E1DFBD3}"
EndProject
Global
	GlobalSection(SolutionConfigurationPlatforms) = preSolution
		Debug|Any CPU = Debug|Any CPU
		Release|Any CPU = Release|Any CPU
	EndGlobalSection
	GlobalSection(ProjectConfigurationPlatforms) = postSolution
		{74118A71-B97C-466F-8C1C-13B5B15BE322}.Debug|Any CPU.ActiveCfg = Debug|Any CPU
		{74118A71-B97C-466F-8C1C-13B5B15BE322}.Debug|Any CPU.Build.0 = Debug|Any CPU
		{74118A71-B97C-466F-8C1C-13B5B15BE322}.Release|Any CPU.ActiveCfg = Release|Any CPU
		{74118A71-B97C-466F-8C1C-13B5B15BE322}.Release|Any CPU.Build.0 = Release|Any CPU
		{553F3351-117B-45DB-BEA2-E5DF8A4B9ABD}.Debug|Any CPU.ActiveCfg = Debug|Any CPU
		{553F3351-117B-45DB-BEA2-E5DF8A4B9ABD}.Debug|Any CPU.Build.0 = Debug|Any CPU
		{553F3351-117B-45DB-BEA2-E5DF8A4B9ABD}.Release|Any CPU.ActiveCfg = Release|Any CPU
		{553F3351-117B-45DB-BEA2-E5DF8A4B9ABD}.Release|Any CPU.Build.0 = Release|Any CPU
		{673B625D-1E70-4661-AA64-0729AD7D1FC9}.Debug|Any CPU.ActiveCfg = Debug|Any CPU
		{673B625D-1E70-4661-AA64-0729AD7D1FC9}.Debug|Any CPU.Build.0 = Debug|Any CPU
		{673B625D-1E70-4661-AA64-0729AD7D1FC9}.Release|Any CPU.ActiveCfg = Release|Any CPU
		{673B625D-1E70-4661-AA64-0729AD7D1FC9}.Release|Any CPU.Build.0 = Release|Any CPU
		{924018C4-4861-40CF-B199-2D6E4E1DFBD3}.Debug|Any CPU.ActiveCfg = Debug|Any CPU
		{924018C4-4861-40CF-B199-2D6E4E1DFBD3}.Debug|Any CPU.Build.0 = Debug|Any CPU
		{924018C4-4861-40CF-B199-2D6E4E1DFBD3}.Release|Any CPU.ActiveCfg = Release|Any CPU
		{924018C4-4861-40CF-B199-2D6E4E1DFBD3}.Release|Any CPU.Build.0 = Release|Any CPU
	EndGlobalSection
	GlobalSection(SolutionProperties) = preSolution
		HideSolutionNode = FALSE
	EndGlobalSection
	GlobalSection(ExtensibilityGlobals) = postSolution
		SolutionGuid = {A5C8BE3F-A332-49B5-A4D6-3C2AA1B2F7C3}
	EndGlobalSection
EndGlobal
