
Microsoft Visual Studio Solution File, Format Version 12.00
# Visual Studio Version 17
VisualStudioVersion = 17.13.35931.197 d17.13
MinimumVisualStudioVersion = 10.0.40219.1
Project("{FAE04EC0-301F-11D3-BF4B-00C04F79EFBC}") = "PerEnvironmentElites", "PerEnvironmentElites\PerEnvironmentElites.csproj", "{FB923786-D633-4823-A508-48EB38788C7B}"
EndProject
Global
	GlobalSection(SolutionConfigurationPlatforms) = preSolution
		Debug|Any CPU = Debug|Any CPU
		Release|Any CPU = Release|Any CPU
	EndGlobalSection
	GlobalSection(ProjectConfigurationPlatforms) = postSolution
		{FB923786-D633-4823-A508-48EB38788C7B}.Debug|Any CPU.ActiveCfg = Debug|Any CPU
		{FB923786-D633-4823-A508-48EB38788C7B}.Debug|Any CPU.Build.0 = Debug|Any CPU
		{FB923786-D633-4823-A508-48EB38788C7B}.Release|Any CPU.ActiveCfg = Release|Any CPU
		{FB923786-D633-4823-A508-48EB38788C7B}.Release|Any CPU.Build.0 = Release|Any CPU
	EndGlobalSection
	GlobalSection(SolutionProperties) = preSolution
		HideSolutionNode = FALSE
	EndGlobalSection
	GlobalSection(ExtensibilityGlobals) = postSolution
		SolutionGuid = {D6AA4EC9-D18F-4DF7-8070-9244567EA15E}
	EndGlobalSection
EndGlobal
